
Microsoft Visual Studio Solution File, Format Version 12.00
# Visual Studio 15
Project("{FAE04EC0-301F-11D3-BF4B-00C04F79EFBC}") = "Assembly-CSharp", "Assembly-CSharp.csproj", "{7A505378-220B-F107-6F72-10DE3096114C}"
EndProject
Project("{FAE04EC0-301F-11D3-BF4B-00C04F79EFBC}") = "MTE_script", "MTE_script.csproj", "{CA3F7A9E-43E0-5D25-DDC0-1081E023ED6A}"
EndProject
Project("{FAE04EC0-301F-11D3-BF4B-00C04F79EFBC}") = "Assembly-CSharp-Editor", "Assembly-CSharp-Editor.csproj", "{BF577667-54E5-9360-AD26-01FBA8726FF4}"
EndProject
Global
	GlobalSection(SolutionConfigurationPlatforms) = preSolution
		Debug|Any CPU = Debug|Any CPU
		Release|Any CPU = Release|Any CPU
	EndGlobalSection
	GlobalSection(ProjectConfigurationPlatforms) = postSolution
		{7A505378-220B-F107-6F72-10DE3096114C}.Debug|Any CPU.ActiveCfg = Debug|Any CPU
		{7A505378-220B-F107-6F72-10DE3096114C}.Debug|Any CPU.Build.0 = Debug|Any CPU
		{7A505378-220B-F107-6F72-10DE3096114C}.Release|Any CPU.ActiveCfg = Release|Any CPU
		{7A505378-220B-F107-6F72-10DE3096114C}.Release|Any CPU.Build.0 = Release|Any CPU
		{CA3F7A9E-43E0-5D25-DDC0-1081E023ED6A}.Debug|Any CPU.ActiveCfg = Debug|Any CPU
		{CA3F7A9E-43E0-5D25-DDC0-1081E023ED6A}.Debug|Any CPU.Build.0 = Debug|Any CPU
		{CA3F7A9E-43E0-5D25-DDC0-1081E023ED6A}.Release|Any CPU.ActiveCfg = Release|Any CPU
		{CA3F7A9E-43E0-5D25-DDC0-1081E023ED6A}.Release|Any CPU.Build.0 = Release|Any CPU
		{BF577667-54E5-9360-AD26-01FBA8726FF4}.Debug|Any CPU.ActiveCfg = Debug|Any CPU
		{BF577667-54E5-9360-AD26-01FBA8726FF4}.Debug|Any CPU.Build.0 = Debug|Any CPU
		{BF577667-54E5-9360-AD26-01FBA8726FF4}.Release|Any CPU.ActiveCfg = Release|Any CPU
		{BF577667-54E5-9360-AD26-01FBA8726FF4}.Release|Any CPU.Build.0 = Release|Any CPU
	EndGlobalSection
	GlobalSection(SolutionProperties) = preSolution
		HideSolutionNode = FALSE
	EndGlobalSection
EndGlobal
